
Microsoft Visual Studio Solution File, Format Version 12.00
# Visual Studio Version 17
VisualStudioVersion = 17.0.31903.59
MinimumVisualStudioVersion = 10.0.40219.1
Project("{2150E333-8FDC-42A3-9474-1A3956D46DE8}") = "src", "src", "{827E0CD3-B72D-47B6-A68D-7590B98EB39B}"
EndProject
Project("{2150E333-8FDC-42A3-9474-1A3956D46DE8}") = "tests", "tests", "{0AB3BF05-4346-4AA6-1389-037BE0695223}"
EndProject
Project("{FAE04EC0-301F-11D3-BF4B-00C04F79EFBC}") = "CashFlow.API", "src\CashFlow.API\CashFlow.API.csproj", "{E1CC3AF7-4064-424F-A7CA-165AF595DBF6}"
EndProject
Project("{FAE04EC0-301F-11D3-BF4B-00C04F79EFBC}") = "CashFlow.Domain", "src\CashFlow.Domain\CashFlow.Domain.csproj", "{C42D85C0-5023-4686-9AD5-1ECD6F27C6F7}"
EndProject
Project("{FAE04EC0-301F-11D3-BF4B-00C04F79EFBC}") = "CashFlow.Application", "src\CashFlow.Application\CashFlow.Application.csproj", "{20C04FE7-8523-4FB5-9BEF-95DB4AA459BC}"
EndProject
Project("{FAE04EC0-301F-11D3-BF4B-00C04F79EFBC}") = "CashFlow.Communication", "src\CashFlow.Communication\CashFlow.Communication.csproj", "{FB6BF0E9-B54D-472F-ADD0-536AF43BBE1A}"
EndProject
Project("{FAE04EC0-301F-11D3-BF4B-00C04F79EFBC}") = "CashFlow.Exception", "src\CashFlow.Exception\CashFlow.Exception.csproj", "{62A005EA-2588-4F3E-8C8B-612D2FF4BB9C}"
EndProject
Project("{FAE04EC0-301F-11D3-BF4B-00C04F79EFBC}") = "CashFlow.Infrastructure", "src\CashFlow.Infrastructure\CashFlow.Infrastructure.csproj", "{B831E500-CD7C-40B2-B7EB-66E952798799}"
EndProject
Project("{FAE04EC0-301F-11D3-BF4B-00C04F79EFBC}") = "Validator.Tests", "tests\Validator.Tests\Validator.Tests.csproj", "{10E768E4-4E95-4340-89F7-4B9FDC22E8F3}"
EndProject
Project("{FAE04EC0-301F-11D3-BF4B-00C04F79EFBC}") = "CommonTestUtilities", "tests\CommonTestUtilities\CommonTestUtilities.csproj", "{BF7264D9-77C8-43D2-8518-B7D8F1FAE253}"
EndProject
Global
	GlobalSection(SolutionConfigurationPlatforms) = preSolution
		Debug|Any CPU = Debug|Any CPU
		Debug|x64 = Debug|x64
		Debug|x86 = Debug|x86
		Release|Any CPU = Release|Any CPU
		Release|x64 = Release|x64
		Release|x86 = Release|x86
	EndGlobalSection
	GlobalSection(ProjectConfigurationPlatforms) = postSolution
		{E1CC3AF7-4064-424F-A7CA-165AF595DBF6}.Debug|Any CPU.ActiveCfg = Debug|Any CPU
		{E1CC3AF7-4064-424F-A7CA-165AF595DBF6}.Debug|Any CPU.Build.0 = Debug|Any CPU
		{E1CC3AF7-4064-424F-A7CA-165AF595DBF6}.Debug|x64.ActiveCfg = Debug|Any CPU
		{E1CC3AF7-4064-424F-A7CA-165AF595DBF6}.Debug|x64.Build.0 = Debug|Any CPU
		{E1CC3AF7-4064-424F-A7CA-165AF595DBF6}.Debug|x86.ActiveCfg = Debug|Any CPU
		{E1CC3AF7-4064-424F-A7CA-165AF595DBF6}.Debug|x86.Build.0 = Debug|Any CPU
		{E1CC3AF7-4064-424F-A7CA-165AF595DBF6}.Release|Any CPU.ActiveCfg = Release|Any CPU
		{E1CC3AF7-4064-424F-A7CA-165AF595DBF6}.Release|Any CPU.Build.0 = Release|Any CPU
		{E1CC3AF7-4064-424F-A7CA-165AF595DBF6}.Release|x64.ActiveCfg = Release|Any CPU
		{E1CC3AF7-4064-424F-A7CA-165AF595DBF6}.Release|x64.Build.0 = Release|Any CPU
		{E1CC3AF7-4064-424F-A7CA-165AF595DBF6}.Release|x86.ActiveCfg = Release|Any CPU
		{E1CC3AF7-4064-424F-A7CA-165AF595DBF6}.Release|x86.Build.0 = Release|Any CPU
		{C42D85C0-5023-4686-9AD5-1ECD6F27C6F7}.Debug|Any CPU.ActiveCfg = Debug|Any CPU
		{C42D85C0-5023-4686-9AD5-1ECD6F27C6F7}.Debug|Any CPU.Build.0 = Debug|Any CPU
		{C42D85C0-5023-4686-9AD5-1ECD6F27C6F7}.Debug|x64.ActiveCfg = Debug|Any CPU
		{C42D85C0-5023-4686-9AD5-1ECD6F27C6F7}.Debug|x64.Build.0 = Debug|Any CPU
		{C42D85C0-5023-4686-9AD5-1ECD6F27C6F7}.Debug|x86.ActiveCfg = Debug|Any CPU
		{C42D85C0-5023-4686-9AD5-1ECD6F27C6F7}.Debug|x86.Build.0 = Debug|Any CPU
		{C42D85C0-5023-4686-9AD5-1ECD6F27C6F7}.Release|Any CPU.ActiveCfg = Release|Any CPU
		{C42D85C0-5023-4686-9AD5-1ECD6F27C6F7}.Release|Any CPU.Build.0 = Release|Any CPU
		{C42D85C0-5023-4686-9AD5-1ECD6F27C6F7}.Release|x64.ActiveCfg = Release|Any CPU
		{C42D85C0-5023-4686-9AD5-1ECD6F27C6F7}.Release|x64.Build.0 = Release|Any CPU
		{C42D85C0-5023-4686-9AD5-1ECD6F27C6F7}.Release|x86.ActiveCfg = Release|Any CPU
		{C42D85C0-5023-4686-9AD5-1ECD6F27C6F7}.Release|x86.Build.0 = Release|Any CPU
		{20C04FE7-8523-4FB5-9BEF-95DB4AA459BC}.Debug|Any CPU.ActiveCfg = Debug|Any CPU
		{20C04FE7-8523-4FB5-9BEF-95DB4AA459BC}.Debug|Any CPU.Build.0 = Debug|Any CPU
		{20C04FE7-8523-4FB5-9BEF-95DB4AA459BC}.Debug|x64.ActiveCfg = Debug|Any CPU
		{20C04FE7-8523-4FB5-9BEF-95DB4AA459BC}.Debug|x64.Build.0 = Debug|Any CPU
		{20C04FE7-8523-4FB5-9BEF-95DB4AA459BC}.Debug|x86.ActiveCfg = Debug|Any CPU
		{20C04FE7-8523-4FB5-9BEF-95DB4AA459BC}.Debug|x86.Build.0 = Debug|Any CPU
		{20C04FE7-8523-4FB5-9BEF-95DB4AA459BC}.Release|Any CPU.ActiveCfg = Release|Any CPU
		{20C04FE7-8523-4FB5-9BEF-95DB4AA459BC}.Release|Any CPU.Build.0 = Release|Any CPU
		{20C04FE7-8523-4FB5-9BEF-95DB4AA459BC}.Release|x64.ActiveCfg = Release|Any CPU
		{20C04FE7-8523-4FB5-9BEF-95DB4AA459BC}.Release|x64.Build.0 = Release|Any CPU
		{20C04FE7-8523-4FB5-9BEF-95DB4AA459BC}.Release|x86.ActiveCfg = Release|Any CPU
		{20C04FE7-8523-4FB5-9BEF-95DB4AA459BC}.Release|x86.Build.0 = Release|Any CPU
		{FB6BF0E9-B54D-472F-ADD0-536AF43BBE1A}.Debug|Any CPU.ActiveCfg = Debug|Any CPU
		{FB6BF0E9-B54D-472F-ADD0-536AF43BBE1A}.Debug|Any CPU.Build.0 = Debug|Any CPU
		{FB6BF0E9-B54D-472F-ADD0-536AF43BBE1A}.Debug|x64.ActiveCfg = Debug|Any CPU
		{FB6BF0E9-B54D-472F-ADD0-536AF43BBE1A}.Debug|x64.Build.0 = Debug|Any CPU
		{FB6BF0E9-B54D-472F-ADD0-536AF43BBE1A}.Debug|x86.ActiveCfg = Debug|Any CPU
		{FB6BF0E9-B54D-472F-ADD0-536AF43BBE1A}.Debug|x86.Build.0 = Debug|Any CPU
		{FB6BF0E9-B54D-472F-ADD0-536AF43BBE1A}.Release|Any CPU.ActiveCfg = Release|Any CPU
		{FB6BF0E9-B54D-472F-ADD0-536AF43BBE1A}.Release|Any CPU.Build.0 = Release|Any CPU
		{FB6BF0E9-B54D-472F-ADD0-536AF43BBE1A}.Release|x64.ActiveCfg = Release|Any CPU
		{FB6BF0E9-B54D-472F-ADD0-536AF43BBE1A}.Release|x64.Build.0 = Release|Any CPU
		{FB6BF0E9-B54D-472F-ADD0-536AF43BBE1A}.Release|x86.ActiveCfg = Release|Any CPU
		{FB6BF0E9-B54D-472F-ADD0-536AF43BBE1A}.Release|x86.Build.0 = Release|Any CPU
		{62A005EA-2588-4F3E-8C8B-612D2FF4BB9C}.Debug|Any CPU.ActiveCfg = Debug|Any CPU
		{62A005EA-2588-4F3E-8C8B-612D2FF4BB9C}.Debug|Any CPU.Build.0 = Debug|Any CPU
		{62A005EA-2588-4F3E-8C8B-612D2FF4BB9C}.Debug|x64.ActiveCfg = Debug|Any CPU
		{62A005EA-2588-4F3E-8C8B-612D2FF4BB9C}.Debug|x64.Build.0 = Debug|Any CPU
		{62A005EA-2588-4F3E-8C8B-612D2FF4BB9C}.Debug|x86.ActiveCfg = Debug|Any CPU
		{62A005EA-2588-4F3E-8C8B-612D2FF4BB9C}.Debug|x86.Build.0 = Debug|Any CPU
		{62A005EA-2588-4F3E-8C8B-612D2FF4BB9C}.Release|Any CPU.ActiveCfg = Release|Any CPU
		{62A005EA-2588-4F3E-8C8B-612D2FF4BB9C}.Release|Any CPU.Build.0 = Release|Any CPU
		{62A005EA-2588-4F3E-8C8B-612D2FF4BB9C}.Release|x64.ActiveCfg = Release|Any CPU
		{62A005EA-2588-4F3E-8C8B-612D2FF4BB9C}.Release|x64.Build.0 = Release|Any CPU
		{62A005EA-2588-4F3E-8C8B-612D2FF4BB9C}.Release|x86.ActiveCfg = Release|Any CPU
		{62A005EA-2588-4F3E-8C8B-612D2FF4BB9C}.Release|x86.Build.0 = Release|Any CPU
		{B831E500-CD7C-40B2-B7EB-66E952798799}.Debug|Any CPU.ActiveCfg = Debug|Any CPU
		{B831E500-CD7C-40B2-B7EB-66E952798799}.Debug|Any CPU.Build.0 = Debug|Any CPU
		{B831E500-CD7C-40B2-B7EB-66E952798799}.Debug|x64.ActiveCfg = Debug|Any CPU
		{B831E500-CD7C-40B2-B7EB-66E952798799}.Debug|x64.Build.0 = Debug|Any CPU
		{B831E500-CD7C-40B2-B7EB-66E952798799}.Debug|x86.ActiveCfg = Debug|Any CPU
		{B831E500-CD7C-40B2-B7EB-66E952798799}.Debug|x86.Build.0 = Debug|Any CPU
		{B831E500-CD7C-40B2-B7EB-66E952798799}.Release|Any CPU.ActiveCfg = Release|Any CPU
		{B831E500-CD7C-40B2-B7EB-66E952798799}.Release|Any CPU.Build.0 = Release|Any CPU
		{B831E500-CD7C-40B2-B7EB-66E952798799}.Release|x64.ActiveCfg = Release|Any CPU
		{B831E500-CD7C-40B2-B7EB-66E952798799}.Release|x64.Build.0 = Release|Any CPU
		{B831E500-CD7C-40B2-B7EB-66E952798799}.Release|x86.ActiveCfg = Release|Any CPU
		{B831E500-CD7C-40B2-B7EB-66E952798799}.Release|x86.Build.0 = Release|Any CPU
		{10E768E4-4E95-4340-89F7-4B9FDC22E8F3}.Debug|Any CPU.ActiveCfg = Debug|Any CPU
		{10E768E4-4E95-4340-89F7-4B9FDC22E8F3}.Debug|Any CPU.Build.0 = Debug|Any CPU
		{10E768E4-4E95-4340-89F7-4B9FDC22E8F3}.Debug|x64.ActiveCfg = Debug|Any CPU
		{10E768E4-4E95-4340-89F7-4B9FDC22E8F3}.Debug|x64.Build.0 = Debug|Any CPU
		{10E768E4-4E95-4340-89F7-4B9FDC22E8F3}.Debug|x86.ActiveCfg = Debug|Any CPU
		{10E768E4-4E95-4340-89F7-4B9FDC22E8F3}.Debug|x86.Build.0 = Debug|Any CPU
		{10E768E4-4E95-4340-89F7-4B9FDC22E8F3}.Release|Any CPU.ActiveCfg = Release|Any CPU
		{10E768E4-4E95-4340-89F7-4B9FDC22E8F3}.Release|Any CPU.Build.0 = Release|Any CPU
		{10E768E4-4E95-4340-89F7-4B9FDC22E8F3}.Release|x64.ActiveCfg = Release|Any CPU
		{10E768E4-4E95-4340-89F7-4B9FDC22E8F3}.Release|x64.Build.0 = Release|Any CPU
		{10E768E4-4E95-4340-89F7-4B9FDC22E8F3}.Release|x86.ActiveCfg = Release|Any CPU
		{10E768E4-4E95-4340-89F7-4B9FDC22E8F3}.Release|x86.Build.0 = Release|Any CPU
		{BF7264D9-77C8-43D2-8518-B7D8F1FAE253}.Debug|Any CPU.ActiveCfg = Debug|Any CPU
		{BF7264D9-77C8-43D2-8518-B7D8F1FAE253}.Debug|Any CPU.Build.0 = Debug|Any CPU
		{BF7264D9-77C8-43D2-8518-B7D8F1FAE253}.Debug|x64.ActiveCfg = Debug|Any CPU
		{BF7264D9-77C8-43D2-8518-B7D8F1FAE253}.Debug|x64.Build.0 = Debug|Any CPU
		{BF7264D9-77C8-43D2-8518-B7D8F1FAE253}.Debug|x86.ActiveCfg = Debug|Any CPU
		{BF7264D9-77C8-43D2-8518-B7D8F1FAE253}.Debug|x86.Build.0 = Debug|Any CPU
		{BF7264D9-77C8-43D2-8518-B7D8F1FAE253}.Release|Any CPU.ActiveCfg = Release|Any CPU
		{BF7264D9-77C8-43D2-8518-B7D8F1FAE253}.Release|Any CPU.Build.0 = Release|Any CPU
		{BF7264D9-77C8-43D2-8518-B7D8F1FAE253}.Release|x64.ActiveCfg = Release|Any CPU
		{BF7264D9-77C8-43D2-8518-B7D8F1FAE253}.Release|x64.Build.0 = Release|Any CPU
		{BF7264D9-77C8-43D2-8518-B7D8F1FAE253}.Release|x86.ActiveCfg = Release|Any CPU
		{BF7264D9-77C8-43D2-8518-B7D8F1FAE253}.Release|x86.Build.0 = Release|Any CPU
	EndGlobalSection
	GlobalSection(SolutionProperties) = preSolution
		HideSolutionNode = FALSE
	EndGlobalSection
	GlobalSection(NestedProjects) = preSolution
		{E1CC3AF7-4064-424F-A7CA-165AF595DBF6} = {827E0CD3-B72D-47B6-A68D-7590B98EB39B}
		{C42D85C0-5023-4686-9AD5-1ECD6F27C6F7} = {827E0CD3-B72D-47B6-A68D-7590B98EB39B}
		{20C04FE7-8523-4FB5-9BEF-95DB4AA459BC} = {827E0CD3-B72D-47B6-A68D-7590B98EB39B}
		{FB6BF0E9-B54D-472F-ADD0-536AF43BBE1A} = {827E0CD3-B72D-47B6-A68D-7590B98EB39B}
		{62A005EA-2588-4F3E-8C8B-612D2FF4BB9C} = {827E0CD3-B72D-47B6-A68D-7590B98EB39B}
		{B831E500-CD7C-40B2-B7EB-66E952798799} = {827E0CD3-B72D-47B6-A68D-7590B98EB39B}
		{10E768E4-4E95-4340-89F7-4B9FDC22E8F3} = {0AB3BF05-4346-4AA6-1389-037BE0695223}
		{BF7264D9-77C8-43D2-8518-B7D8F1FAE253} = {0AB3BF05-4346-4AA6-1389-037BE0695223}
	EndGlobalSection
EndGlobal
